
Microsoft Visual Studio Solution File, Format Version 12.00
# Visual Studio Version 17
VisualStudioVersion = 17.11.35312.102
MinimumVisualStudioVersion = 10.0.40219.1
Project("{FAE04EC0-301F-11D3-BF4B-00C04F79EFBC}") = "WEBAPI002", "WEBAPI002.csproj", "{E20D19E9-D5AC-4BFA-9D32-8B9152F260BA}"
EndProject
Global
	GlobalSection(SolutionConfigurationPlatforms) = preSolution
		Debug|Any CPU = Debug|Any CPU
		Release|Any CPU = Release|Any CPU
	EndGlobalSection
	GlobalSection(ProjectConfigurationPlatforms) = postSolution
		{E20D19E9-D5AC-4BFA-9D32-8B9152F260BA}.Debug|Any CPU.ActiveCfg = Debug|Any CPU
		{E20D19E9-D5AC-4BFA-9D32-8B9152F260BA}.Debug|Any CPU.Build.0 = Debug|Any CPU
		{E20D19E9-D5AC-4BFA-9D32-8B9152F260BA}.Release|Any CPU.ActiveCfg = Release|Any CPU
		{E20D19E9-D5AC-4BFA-9D32-8B9152F260BA}.Release|Any CPU.Build.0 = Release|Any CPU
	EndGlobalSection
	GlobalSection(SolutionProperties) = preSolution
		HideSolutionNode = FALSE
	EndGlobalSection
	GlobalSection(ExtensibilityGlobals) = postSolution
		SolutionGuid = {CADA3129-1455-4200-938E-061EBCE8316B}
	EndGlobalSection
EndGlobal
